{
  "name": "doseid",
  "version": "0.0.1",
  "lockfileVersion": 3,
  "requires": true,
  "packages": {
    "": {
      "name": "doseid",
      "version": "0.0.1",
      "dependencies": {
        "@dosei/dosei": "^0.0.1-a9"
      }
    },
    "node_modules/@dosei/dosei": {
      "version": "0.0.1-a9",
      "resolved": "https://registry.npmjs.org/@dosei/dosei/-/dosei-0.0.1-a9.tgz",
      "integrity": "sha512-DVxTrokSbq1YWwI3eMT5F+VndHQqSD0T87sVzkf75QQsAHXr2Wpk80Mfd/Y0jVYQzqoceKsPhKjH+3EmP+Q6EQ=="
    }
  }
}
